# This file is autogenerated, do not edit; changes may be undone by the next 'dep ensure'.


[[projects]]
  digest = "1:1343a2963481a305ca4d051e84bc2abd16b601ee22ed324f8d605de1adb291b0"
  name = "github.com/bgentry/speakeasy"
  packages = ["."]
  pruneopts = "UT"
  revision = "4aabc24848ce5fd31929f7d1e4ea74d3709c14cd"
  version = "v0.1.0"

[[projects]]
  digest = "1:1bff539693321622f044cc816e97cc4a39dbc8e3310243a95dd627990f60272f"
  name = "github.com/btcsuite/btcd"
  packages = [
    "btcec",
    "chaincfg",
    "chaincfg/chainhash",
    "wire",
  ]
  pruneopts = "UT"
  revision = "b8df516b4b267acf2de46be593a9d948d1d2c420"

[[projects]]
  digest = "1:fdf111f133a28715f4503e9aefc52f1e7572b8c4763fd5d5950f9f067efbc955"
  name = "github.com/btcsuite/btcutil"
  packages = [
    ".",
    "base58",
    "hdkeychain",
  ]
  pruneopts = "UT"
  revision = "66871daeb12123ece012a9628d2798d01195c4b3"

[[projects]]
  branch = "master"
  digest = "1:f5a785a2836dce1d5a46a313275fe868c332090a3709b5aa58b84e1368ae006f"
  name = "github.com/btcsuite/fastsha256"
  packages = ["."]
  pruneopts = "UT"
  revision = "637e656429416087660c84436a2a035d69d54e2e"

[[projects]]
  branch = "master"
  digest = "1:696c8d2d1fcd5d13bf58203593fc640b70917a7b9871741878efe86db55ec830"
  name = "github.com/cmars/basen"
  packages = ["."]
  pruneopts = "UT"
  revision = "fe3947df716ebfda9847eb1b9a48f9592e06478c"

[[projects]]
  digest = "1:667f41be124637d8af08d9163be07cc718ae291bc590b6a91047c94b25ef0753"
  name = "github.com/davecgh/go-spew"
  packages = ["spew"]
  pruneopts = "UT"
  revision = "6d212800a42e8ab5c146b8ace3490ee17e5225f9"

[[projects]]
  digest = "1:38c783cf85b9454cc02a1a8319239800ed0af6c1c864adf19cea0539e134adad"
  name = "github.com/fsnotify/fsnotify"
  packages = ["."]
  pruneopts = "UT"
  revision = "4da3e2cfbabc9f751898f250b49f2439785783a1"

[[projects]]
  digest = "1:1f9fc8f8d0697ebfc2bc65662724928a91e0262e2b16f27c961986a3b6e7a032"
  name = "github.com/go-kit/kit"
  packages = [
    "log",
    "log/level",
    "log/term",
  ]
  pruneopts = "UT"
  revision = "d67bb4c202e3b91377d1079b110a6c9ce23ab2f8"

[[projects]]
  digest = "1:31a18dae27a29aa074515e43a443abfd2ba6deb6d69309d8d7ce789c45f34659"
  name = "github.com/go-logfmt/logfmt"
  packages = ["."]
  pruneopts = "UT"
  revision = "390ab7935ee28ec6b286364bba9b4dd6410cb3d5"
  version = "v0.3.0"

[[projects]]
  digest = "1:be97a7b83aa1637986b9e1a44ccf6d972d8e0c0b483846cfab880bb8f292bd86"
  name = "github.com/go-playground/locales"
  packages = [
    ".",
    "currency",
  ]
  pruneopts = "UT"
  revision = "1e5f1161c6416a5ff48840eb8724a394e48cc534"

[[projects]]
  branch = "master"
  digest = "1:eb758dc813fc3fdf7194c82883b734a8419b1cd6eee3e184d3f6777e248ef9ce"
  name = "github.com/go-playground/universal-translator"
  packages = ["."]
  pruneopts = "UT"
  revision = "71201497bace774495daed26a3874fd339e0b538"

[[projects]]
  digest = "1:cdb6ee9162f4ce18ab16264928a31f91c43a08e065c7ef149e86ba49c6a4495e"
  name = "github.com/go-stack/stack"
  packages = ["."]
  pruneopts = "UT"
  revision = "100eb0c0a9c5b306ca2fb4f165df21d80ada4b82"
  version = "v1.5.2"

[[projects]]
  digest = "1:c79fb010be38a59d657c48c6ba1d003a8aa651fa56b579d959d74573b7dff8e1"
  name = "github.com/gorilla/context"
  packages = ["."]
  pruneopts = "UT"
  revision = "08b5f424b9271eedf6f9f0ce86cb9396ed337a42"
  version = "v1.1.1"

[[projects]]
  digest = "1:bdde4c5680027035091a29ceef113a5fef59295682c97c29e5f673276e9a55d8"
  name = "github.com/gorilla/handlers"
  packages = ["."]
  pruneopts = "UT"
  revision = "3a5767ca75ece5f7f1440b1d16975247f8d8b221"
  version = "v1.2"

[[projects]]
  digest = "1:099bdd0a1b3a8f20c016e5e4c7c0eb717ec21fab7537633ce7088d7dece2dde6"
  name = "github.com/gorilla/mux"
  packages = ["."]
  pruneopts = "UT"
  revision = "392c28fe23e1c45ddba891b0320b3b5df220beea"
  version = "v1.3.0"

[[projects]]
  digest = "1:2576f6dbd3968554275733c7d7f1b81c3d8fef671d60d73cfe067bba31a1ce83"
  name = "github.com/hashicorp/hcl"
  packages = [
    ".",
    "hcl/ast",
    "hcl/parser",
    "hcl/scanner",
    "hcl/strconv",
    "hcl/token",
    "json/parser",
    "json/scanner",
    "json/token",
  ]
  pruneopts = "UT"
  revision = "a4b07c25de5ff55ad3b8936cea69a79a3d95a855"

[[projects]]
  digest = "1:870d441fe217b8e689d7949fef6e43efbc787e50f200cb1e70dbca9204a1d6be"
  name = "github.com/inconshreveable/mousetrap"
  packages = ["."]
  pruneopts = "UT"
  revision = "76626ae9c91c4f2a10f34cad8ce83ea42c93bb75"
  version = "v1.0"

[[projects]]
  branch = "master"
  digest = "1:a64e323dc06b73892e5bb5d040ced475c4645d456038333883f58934abbf6f72"
  name = "github.com/kr/logfmt"
  packages = ["."]
  pruneopts = "UT"
  revision = "b84e30acd515aadc4b783ad4ff83aff3299bdfe0"

[[projects]]
  digest = "1:79c55505b38424ce7dc479e8e0813db40245434db95a5d2e3390bfa24047b43c"
  name = "github.com/magiconair/properties"
  packages = ["."]
  pruneopts = "UT"
  revision = "51463bfca2576e06c62a8504b5c0f06d61312647"

[[projects]]
  digest = "1:3b1bd950e1602fa2ae92650110628444bf205cca908d7491794b09e045a66ac0"
  name = "github.com/mitchellh/mapstructure"
  packages = ["."]
  pruneopts = "UT"
  revision = "cc8532a8e9a55ea36402aa21efdf403a60d34096"

[[projects]]
  branch = "master"
  digest = "1:7e37fe0e25f70f38f090697a2850fbb53b6ac8051a29ff202d8a89a09292f55a"
  name = "github.com/mndrix/btcutil"
  packages = ["."]
  pruneopts = "UT"
  revision = "d3a63a5752ecf3fbc06bd97365da752111c263df"

[[projects]]
  digest = "1:b2ee62e09bec113cf086d2ce0769efcc7bf79481aba8373fd8f7884e94df3462"
  name = "github.com/pelletier/go-buffruneio"
  packages = ["."]
  pruneopts = "UT"
  revision = "c37440a7cf42ac63b919c752ca73a85067e05992"
  version = "v0.2.0"

[[projects]]
  digest = "1:672fc199528eedd840c4b72082b2bca2922a338d412ce1a4d40f72d602e4e83b"
  name = "github.com/pelletier/go-toml"
  packages = ["."]
  pruneopts = "UT"
  revision = "13d49d4606eb801b8f01ae542b4afc4c6ee3d84a"
  version = "v0.5.0"

[[projects]]
  digest = "1:8e30dbe48cdc868059aa213a40ce556fb571bbe32de48d4bf64fdde9e32cc245"
  name = "github.com/pkg/errors"
  packages = ["."]
  pruneopts = "UT"
  revision = "ff09b135c25aae272398c51a07235b90a75aa4f0"

[[projects]]
  digest = "1:08413c4235cad94a96c39e1e2f697789733c4a87d1fdf06b412d2cf2ba49826a"
  name = "github.com/pmezard/go-difflib"
  packages = ["difflib"]
  pruneopts = "UT"
  revision = "d8ed2627bdf02c080bf22230dbb337003b7aba2d"

[[projects]]
  digest = "1:612c049404353b151a3d9fd779b72a0905df1f799056c29202ad84d4fcb1b748"
  name = "github.com/spf13/afero"
  packages = [
    ".",
    "mem",
  ]
  pruneopts = "UT"
  revision = "9be650865eab0c12963d8753212f4f9c66cdcf12"

[[projects]]
  digest = "1:9b28ee2984c69d78afe2ce52b1650ba91a6381f355ff08c1d0e53d9e66bd62fe"
  name = "github.com/spf13/cast"
  packages = ["."]
  pruneopts = "UT"
  revision = "acbeb36b902d72a7a4c18e8f3241075e7ab763e4"
  version = "v1.1.0"

[[projects]]
  digest = "1:356401d66041f251b86c42143a904dae3829093a0dd97b66c7fad42afffa3081"
  name = "github.com/spf13/cobra"
  packages = ["."]
  pruneopts = "UT"
  revision = "db6b9a8b3f3f400c8ecb4a4d7d02245b8facad66"

[[projects]]
  digest = "1:e86f24714afdc8e08409c02961ed39d74c85556b3965867d699e51564271c6de"
  name = "github.com/spf13/jwalterweatherman"
  packages = ["."]
  pruneopts = "UT"
  revision = "fa7ca7e836cf3a8bb4ebf799f472c12d7e903d66"

[[projects]]
  digest = "1:1b21a2b4058a779f290c7341cd93267492e0ecea6c8b54f64a4a5fd7ff131034"
  name = "github.com/spf13/pflag"
  packages = ["."]
  pruneopts = "UT"
  revision = "80fe0fb4eba54167e2ccae1c6c950e72abf61b73"

[[projects]]
  digest = "1:988cb1d740f5e90b338cc8fa4ae3977c75ab75a173792730d423da0f0d0575d2"
  name = "github.com/spf13/viper"
  packages = ["."]
  pruneopts = "UT"
  revision = "0967fc9aceab2ce9da34061253ac10fb99bba5b2"

[[projects]]
  digest = "1:db1eb3ddc46067e4cda85237f4026899a8919a88fadde3c19be25e689e5e7fe2"
  name = "github.com/stretchr/testify"
  packages = [
    "assert",
    "require",
  ]
  pruneopts = "UT"
  revision = "69483b4bd14f5845b5a1e55bca19e954e827f1d0"
  version = "v1.1.4"

[[projects]]
  digest = "1:fdf43b2d6bc17fdb6d663104c644149b2ab7d9239aa1c532f1ba1bd7dddff561"
  name = "github.com/tendermint/ed25519"
  packages = [
    ".",
    "edwards25519",
    "extra25519",
  ]
  pruneopts = "UT"
  revision = "1f52c6f8b8a5c7908aff4497c186af344b428925"

[[projects]]
  branch = "develop"
  digest = "1:14c89a04d29b1c68d494ee1f59e1b19092fa080423cd76675c1633536ebc3c97"
  name = "github.com/tendermint/go-wire"
  packages = [
    ".",
    "data",
    "data/base58",
  ]
  pruneopts = "UT"
  revision = "97beaedf0f4dbc035309157c92be3b30cc6e5d74"

[[projects]]
  branch = "develop"
  digest = "1:5140987a18f3f5f87a4b4d31c7ecd7039719d2ccf28b061e43759a4b51e2b64f"
  name = "github.com/tendermint/tmlibs"
  packages = [
    "cli",
    "common",
    "log",
  ]
  pruneopts = "UT"
  revision = "8f5a175ff4c869fedde710615a11f5745ff69bf3"

[[projects]]
  digest = "1:1b98d47ae93cc39addec432135adb109d45fcbcaea29adcccbb6a28a5eb8132c"
  name = "github.com/tyler-smith/go-bip32"
  packages = ["."]
  pruneopts = "UT"
  revision = "eb790af526c30f23a7c8b00a48e342f9d0bd6386"

[[projects]]
  digest = "1:77bfdc496dcb1935fd27c553e6fada8346c40d493ce0d5ffddfcb4f45f1192cc"
  name = "github.com/tyler-smith/go-bip39"
  packages = ["."]
  pruneopts = "UT"
  revision = "8e7a99b3e716f36d3b080a9a70f9eb45abe4edcc"

[[projects]]
  digest = "1:743d64d584617d28d4f63ace4b60209c069f5b67eb3ec871c2022c0a83f59b14"
  name = "golang.org/x/crypto"
  packages = [
    "bcrypt",
    "blowfish",
    "nacl/secretbox",
    "openpgp/armor",
    "openpgp/errors",
    "pbkdf2",
    "poly1305",
    "ripemd160",
    "salsa20/salsa",
  ]
  pruneopts = "UT"
  revision = "c7af5bf2638a1164f2eb5467c39c6cffbd13a02e"

[[projects]]
  digest = "1:7217a703ed82a3c04939fdaf0768bf651406a9d2e41e061582f0809ab5459e00"
  name = "golang.org/x/sys"
  packages = ["unix"]
  pruneopts = "UT"
  revision = "9ccfe848b9db8435a24c424abbc07a921adf1df5"

[[projects]]
  digest = "1:c2e479b85643a71b8397b324f1d50dc9e7cb0db009dea2efc36ab67172a38bf3"
  name = "golang.org/x/text"
  packages = [
    "internal/gen",
    "internal/triegen",
    "internal/ucd",
    "transform",
    "unicode/cldr",
    "unicode/norm",
  ]
  pruneopts = "UT"
  revision = "470f45bf29f4147d6fbd7dfd0a02a848e49f5bf4"

[[projects]]
  digest = "1:d2bd6c1dbd243f9fb9a24122065d5a40f62deee5bd8524f506ff6a21c6947778"
  name = "gopkg.in/go-playground/validator.v9"
  packages = ["."]
  pruneopts = "UT"
  revision = "6d8c18553ea1ac493d049edd6f102f52e618f085"
  version = "v9.3.6"

[[projects]]
  digest = "1:35c04c23c8aef680782e117c67e29750453c92d11448da616d2e399887e5fc86"
  name = "gopkg.in/yaml.v2"
  packages = ["."]
  pruneopts = "UT"
  revision = "cd8b52f8269e0feb286dfeef29f8fe4d5b397e0b"

[solve-meta]
  analyzer-name = "dep"
  analyzer-version = 1
  input-imports = [
    "github.com/bgentry/speakeasy",
    "github.com/btcsuite/btcd/btcec",
    "github.com/btcsuite/btcd/chaincfg",
    "github.com/btcsuite/btcutil/base58",
    "github.com/btcsuite/btcutil/hdkeychain",
    "github.com/gorilla/handlers",
    "github.com/gorilla/mux",
    "github.com/mndrix/btcutil",
    "github.com/pkg/errors",
    "github.com/spf13/cobra",
    "github.com/spf13/viper",
    "github.com/stretchr/testify/assert",
    "github.com/stretchr/testify/require",
    "github.com/tendermint/ed25519",
    "github.com/tendermint/ed25519/extra25519",
    "github.com/tendermint/go-wire",
    "github.com/tendermint/go-wire/data",
    "github.com/tendermint/tmlibs/cli",
    "github.com/tendermint/tmlibs/common",
    "github.com/tyler-smith/go-bip32",
    "github.com/tyler-smith/go-bip39",
    "golang.org/x/crypto/bcrypt",
    "golang.org/x/crypto/blowfish",
    "golang.org/x/crypto/nacl/secretbox",
    "golang.org/x/crypto/openpgp/armor",
    "golang.org/x/crypto/ripemd160",
    "gopkg.in/go-playground/validator.v9",
  ]
  solver-name = "gps-cdcl"
  solver-version = 1
