# This file is autogenerated, do not edit; changes may be undone by the next 'dep ensure'.


[[projects]]
  digest = "1:477f6df8a1915abb180d730179a4a45212328effdf98cc6ca5b0e5741db00125"
  name = "github.com/btcsuite/btcd"
  packages = ["btcec"]
  pruneopts = "UT"
  revision = "c7588cbf7690cd9f047a28efa2dcd8f2435a4e5e"

[[projects]]
  digest = "1:23453adeb7ee8485e919da6963920584a52a284d8884ce03d5f056e1cb51ff41"
  name = "github.com/btcsuite/btcutil"
  packages = ["base58"]
  pruneopts = "UT"
  revision = "66871daeb12123ece012a9628d2798d01195c4b3"

[[projects]]
  digest = "1:667f41be124637d8af08d9163be07cc718ae291bc590b6a91047c94b25ef0753"
  name = "github.com/davecgh/go-spew"
  packages = ["spew"]
  pruneopts = "UT"
  revision = "6d212800a42e8ab5c146b8ace3490ee17e5225f9"

[[projects]]
  digest = "1:1582e3d98db6b3f73124a03106259214b7800823423174e5bbf8d552d67762a9"
  name = "github.com/ethanfrey/hid"
  packages = ["."]
  pruneopts = "UT"
  revision = "660bb717bd4e7cbcdf0f7cd5cadf1cb2e4be452a"

[[projects]]
  digest = "1:e79ff1834ad84374e1155cc13df93069dcbc00c8c53507df80248becc50b5d4e"
  name = "github.com/ethanfrey/ledger"
  packages = ["."]
  pruneopts = "UT"
  revision = "23a7bb9d74bc83a862fcb4bddde24215b2295ad9"

[[projects]]
  digest = "1:704b145137b5555c6bac6a7e52875e4df8a0a1b7ea74aaae864abcab61e672b0"
  name = "github.com/go-kit/kit"
  packages = [
    "log",
    "log/level",
    "log/term",
  ]
  pruneopts = "UT"
  revision = "e2b298466b32c7cd5579a9b9b07e968fc9d9452c"

[[projects]]
  digest = "1:31a18dae27a29aa074515e43a443abfd2ba6deb6d69309d8d7ce789c45f34659"
  name = "github.com/go-logfmt/logfmt"
  packages = ["."]
  pruneopts = "UT"
  revision = "390ab7935ee28ec6b286364bba9b4dd6410cb3d5"
  version = "v0.3.0"

[[projects]]
  digest = "1:c42f32253560d1527291221734a9b0d9f20ace8ad076398c86b4e8cb59a72307"
  name = "github.com/go-playground/locales"
  packages = [
    ".",
    "currency",
  ]
  pruneopts = "UT"
  revision = "e4cbcb5d0652150d40ad0646651076b6bd2be4f6"
  version = "v0.11.2"

[[projects]]
  branch = "master"
  digest = "1:eb758dc813fc3fdf7194c82883b734a8419b1cd6eee3e184d3f6777e248ef9ce"
  name = "github.com/go-playground/universal-translator"
  packages = ["."]
  pruneopts = "UT"
  revision = "71201497bace774495daed26a3874fd339e0b538"

[[projects]]
  digest = "1:1ecf6125aba01b53e87eef03594102941d7f96c106787b53683323bdebf70a0e"
  name = "github.com/go-stack/stack"
  packages = ["."]
  pruneopts = "UT"
  revision = "817915b46b97fd7bb80e8ab6b69f01a53ac3eebf"
  version = "v1.6.0"

[[projects]]
  digest = "1:9f1f3579969d827df9c78d249fe103ded2db53b465dceb1407910394f727e395"
  name = "github.com/howeyc/crc16"
  packages = ["."]
  pruneopts = "UT"
  revision = "96a97a1abb579c7ff1a8ffa77f2e72d1c314b57f"

[[projects]]
  branch = "master"
  digest = "1:a64e323dc06b73892e5bb5d040ced475c4645d456038333883f58934abbf6f72"
  name = "github.com/kr/logfmt"
  packages = ["."]
  pruneopts = "UT"
  revision = "b84e30acd515aadc4b783ad4ff83aff3299bdfe0"

[[projects]]
  digest = "1:40e195917a951a8bf867cd05de2a46aaf1806c50cf92eebf4c16f78cd196f747"
  name = "github.com/pkg/errors"
  packages = ["."]
  pruneopts = "UT"
  revision = "645ef00459ed84a119197bfb8d8205042c6df63d"
  version = "v0.8.0"

[[projects]]
  digest = "1:08413c4235cad94a96c39e1e2f697789733c4a87d1fdf06b412d2cf2ba49826a"
  name = "github.com/pmezard/go-difflib"
  packages = ["difflib"]
  pruneopts = "UT"
  revision = "d8ed2627bdf02c080bf22230dbb337003b7aba2d"

[[projects]]
  digest = "1:db1eb3ddc46067e4cda85237f4026899a8919a88fadde3c19be25e689e5e7fe2"
  name = "github.com/stretchr/testify"
  packages = [
    "assert",
    "require",
  ]
  pruneopts = "UT"
  revision = "69483b4bd14f5845b5a1e55bca19e954e827f1d0"
  version = "v1.1.4"

[[projects]]
  branch = "master"
  digest = "1:087aaa7920e5d0bf79586feb57ce01c35c830396ab4392798112e8aae8c47722"
  name = "github.com/tendermint/ed25519"
  packages = [
    ".",
    "edwards25519",
    "extra25519",
  ]
  pruneopts = "UT"
  revision = "d8387025d2b9d158cf4efb07e7ebf814bcce2057"

[[projects]]
  branch = "develop"
  digest = "1:26bc9c22f64fb36c94a3b6e18211ee45740e2cb1d3c34d9f5a32a807511674c9"
  name = "github.com/tendermint/go-wire"
  packages = [
    ".",
    "data",
  ]
  pruneopts = "UT"
  revision = "8ee84b5b2581530168daf66fc89c548d27403c57"

[[projects]]
  branch = "develop"
  digest = "1:a08b7f68b0e0228c377f2dfaf81b33c322da554879c3eac035fdfa82ef732260"
  name = "github.com/tendermint/tmlibs"
  packages = [
    "common",
    "log",
  ]
  pruneopts = "UT"
  revision = "092eb701c7276907cdbed258750e22ce895b6735"

[[projects]]
  digest = "1:77bfdc496dcb1935fd27c553e6fada8346c40d493ce0d5ffddfcb4f45f1192cc"
  name = "github.com/tyler-smith/go-bip39"
  packages = ["."]
  pruneopts = "UT"
  revision = "8e7a99b3e716f36d3b080a9a70f9eb45abe4edcc"

[[projects]]
  digest = "1:47fed2ddfe1eaa3d32823271c5cd18b6876004f2ef2be32dd8645a428d1c8c20"
  name = "golang.org/x/crypto"
  packages = [
    "bcrypt",
    "blowfish",
    "nacl/secretbox",
    "openpgp/armor",
    "openpgp/errors",
    "pbkdf2",
    "poly1305",
    "ripemd160",
    "salsa20/salsa",
  ]
  pruneopts = "UT"
  revision = "edd5e9b0879d13ee6970a50153d85b8fec9f7686"

[[projects]]
  digest = "1:56393e723c30e512cf0138a7dced1e0dddd69c42dd472d8688604d6b883669a6"
  name = "gopkg.in/go-playground/validator.v9"
  packages = ["."]
  pruneopts = "UT"
  revision = "1304298bf10d085adec514b076772a79c9cadb6b"
  version = "v9.8.0"

[solve-meta]
  analyzer-name = "dep"
  analyzer-version = 1
  input-imports = [
    "github.com/btcsuite/btcd/btcec",
    "github.com/btcsuite/btcutil/base58",
    "github.com/ethanfrey/ledger",
    "github.com/howeyc/crc16",
    "github.com/pkg/errors",
    "github.com/stretchr/testify/assert",
    "github.com/stretchr/testify/require",
    "github.com/tendermint/ed25519",
    "github.com/tendermint/ed25519/extra25519",
    "github.com/tendermint/go-wire",
    "github.com/tendermint/go-wire/data",
    "github.com/tendermint/tmlibs/common",
    "github.com/tyler-smith/go-bip39",
    "golang.org/x/crypto/bcrypt",
    "golang.org/x/crypto/blowfish",
    "golang.org/x/crypto/nacl/secretbox",
    "golang.org/x/crypto/openpgp/armor",
    "golang.org/x/crypto/ripemd160",
  ]
  solver-name = "gps-cdcl"
  solver-version = 1
